{
  "name": "etag-azure-functions-middleware",
  "version": "1.1.5",
  "lockfileVersion": 1,
  "requires": true,
  "dependencies": {
    "double-ended-queue": {
      "version": "2.1.0-0",
      "resolved": "https://registry.npmjs.org/double-ended-queue/-/double-ended-queue-2.1.0-0.tgz",
      "integrity": "sha1-ED01J/0xUo9AGIEwyEHv3XgmTlw="
    },
    "redis": {
      "version": "2.8.0",
      "resolved": "https://registry.npmjs.org/redis/-/redis-2.8.0.tgz",
      "integrity": "sha1-ICKI4/WMSfYHnZevehDhMDrhSwI=",
      "requires": {
        "double-ended-queue": "^2.1.0-0",
        "redis-commands": "^1.2.0",
        "redis-parser": "^2.6.0"
      }
    },
    "redis-commands": {
      "version": "1.5.0",
      "resolved": "https://registry.npmjs.org/redis-commands/-/redis-commands-1.5.0.tgz",
      "integrity": "sha1-gNLiBpj+aI8icSf/nlFkp90X54U="
    },
    "redis-http-etag-control": {
      "version": "1.0.0",
      "resolved": "https://registry.npmjs.org/redis-http-etag-control/-/redis-http-etag-control-1.0.0.tgz",
      "integrity": "sha512-ZHRPJDPnS0nLiKVbe9jyOQLX+Nu2W+MawP+iniJj49ib2y/ne+uqeHIgsDj9DJ+/vTXr8wRKYFzQ8dWYTJwP9Q=="
    },
    "redis-parser": {
      "version": "2.6.0",
      "resolved": "https://registry.npmjs.org/redis-parser/-/redis-parser-2.6.0.tgz",
      "integrity": "sha1-Uu0J2srBCPGmMcB+m2mUHnoZUEs="
    },
    "redis-simple-connect": {
      "version": "1.0.0",
      "resolved": "https://registry.npmjs.org/redis-simple-connect/-/redis-simple-connect-1.0.0.tgz",
      "integrity": "sha1-37+KtJzBn0G6SKafH8GycKrVNho=",
      "requires": {
        "redis": "^2.8.0"
      }
    }
  }
}
